
Microsoft Visual Studio Solution File, Format Version 12.00
# Visual Studio Version 16
VisualStudioVersion = 16.0.31729.503
MinimumVisualStudioVersion = 10.0.40219.1
Project("{FAE04EC0-301F-11D3-BF4B-00C04F79EFBC}") = "BT_AUTO_2021_Programming_O_N", "BT_AUTO_2021_Programming_O_N\BT_AUTO_2021_Programming_O_N.csproj", "{BC7DD798-CCE7-43A5-8D99-9E71394A0D80}"
EndProject
Global
	GlobalSection(SolutionConfigurationPlatforms) = preSolution
		Debug|Any CPU = Debug|Any CPU
		Release|Any CPU = Release|Any CPU
	EndGlobalSection
	GlobalSection(ProjectConfigurationPlatforms) = postSolution
		{BC7DD798-CCE7-43A5-8D99-9E71394A0D80}.Debug|Any CPU.ActiveCfg = Debug|Any CPU
		{BC7DD798-CCE7-43A5-8D99-9E71394A0D80}.Debug|Any CPU.Build.0 = Debug|Any CPU
		{BC7DD798-CCE7-43A5-8D99-9E71394A0D80}.Release|Any CPU.ActiveCfg = Release|Any CPU
		{BC7DD798-CCE7-43A5-8D99-9E71394A0D80}.Release|Any CPU.Build.0 = Release|Any CPU
	EndGlobalSection
	GlobalSection(SolutionProperties) = preSolution
		HideSolutionNode = FALSE
	EndGlobalSection
	GlobalSection(ExtensibilityGlobals) = postSolution
		SolutionGuid = {55DA0F68-22BC-41DE-B784-18128F32A2A7}
	EndGlobalSection
EndGlobal
